
Microsoft Visual Studio Solution File, Format Version 11.00
# Visual Studio 2010
Project("{FAE04EC0-301F-11D3-BF4B-00C04F79EFBC}") = "Assembly-CSharp-Editor", "Assembly-CSharp-Editor.csproj", "{d12a4340-cfff-04f4-c19b-01dbaa33b633}"
EndProject
Project("{FAE04EC0-301F-11D3-BF4B-00C04F79EFBC}") = "Assembly-CSharp", "Assembly-CSharp.csproj", "{fdaeec84-feb8-4358-194e-eb660e33df04}"
EndProject
Global
	GlobalSection(SolutionConfigurationPlatforms) = preSolution
		Debug|Any CPU = Debug|Any CPU
	EndGlobalSection
	GlobalSection(ProjectConfigurationPlatforms) = postSolution
		{d12a4340-cfff-04f4-c19b-01dbaa33b633}.Debug|Any CPU.ActiveCfg = Debug|Any CPU
		{d12a4340-cfff-04f4-c19b-01dbaa33b633}.Debug|Any CPU.Build.0 = Debug|Any CPU
		{fdaeec84-feb8-4358-194e-eb660e33df04}.Debug|Any CPU.ActiveCfg = Debug|Any CPU
		{fdaeec84-feb8-4358-194e-eb660e33df04}.Debug|Any CPU.Build.0 = Debug|Any CPU
	EndGlobalSection
	GlobalSection(SolutionProperties) = preSolution
		HideSolutionNode = FALSE
	EndGlobalSection
EndGlobal
