
Microsoft Visual Studio Solution File, Format Version 11.00
# Visual Studio 2010
Project("{FAE04EC0-301F-11D3-BF4B-00C04F79EFBC}") = "Assembly-CSharp", "Assembly-CSharp.csproj", "{8624f05a-5e71-bcb3-e1c0-396ba041cd3d}"
EndProject
Project("{FAE04EC0-301F-11D3-BF4B-00C04F79EFBC}") = "Assembly-CSharp-Editor", "Assembly-CSharp-Editor.csproj", "{83f7d5ba-acf4-6adb-f58e-b577070337f8}"
EndProject
Global
	GlobalSection(SolutionConfigurationPlatforms) = preSolution
		Debug|Any CPU = Debug|Any CPU
	EndGlobalSection
	GlobalSection(ProjectConfigurationPlatforms) = postSolution
		{8624f05a-5e71-bcb3-e1c0-396ba041cd3d}.Debug|Any CPU.ActiveCfg = Debug|Any CPU
		{8624f05a-5e71-bcb3-e1c0-396ba041cd3d}.Debug|Any CPU.Build.0 = Debug|Any CPU
		{83f7d5ba-acf4-6adb-f58e-b577070337f8}.Debug|Any CPU.ActiveCfg = Debug|Any CPU
		{83f7d5ba-acf4-6adb-f58e-b577070337f8}.Debug|Any CPU.Build.0 = Debug|Any CPU
	EndGlobalSection
	GlobalSection(SolutionProperties) = preSolution
		HideSolutionNode = FALSE
	EndGlobalSection
EndGlobal
